
Microsoft Visual Studio Solution File, Format Version 12.00
# Visual Studio Version 16
VisualStudioVersion = 16.0.31624.102
MinimumVisualStudioVersion = 10.0.40219.1
Project("{FAE04EC0-301F-11D3-BF4B-00C04F79EFBC}") = "slider.Android", "slider\slider.Android\slider.Android.csproj", "{C939B8A3-1FA4-4B01-86B8-05E6D51A0F94}"
EndProject
Project("{FAE04EC0-301F-11D3-BF4B-00C04F79EFBC}") = "slider.iOS", "slider\slider.iOS\slider.iOS.csproj", "{FF19EE8B-E0B1-4335-BEDD-E45962662EC6}"
EndProject
Project("{FAE04EC0-301F-11D3-BF4B-00C04F79EFBC}") = "slider", "slider\slider\slider.csproj", "{842843F9-B735-49BA-B066-F9613F771727}"
EndProject
Global
	GlobalSection(SolutionConfigurationPlatforms) = preSolution
		Debug|Any CPU = Debug|Any CPU
		Debug|iPhone = Debug|iPhone
		Debug|iPhoneSimulator = Debug|iPhoneSimulator
		Release|Any CPU = Release|Any CPU
		Release|iPhone = Release|iPhone
		Release|iPhoneSimulator = Release|iPhoneSimulator
	EndGlobalSection
	GlobalSection(ProjectConfigurationPlatforms) = postSolution
		{C939B8A3-1FA4-4B01-86B8-05E6D51A0F94}.Debug|Any CPU.ActiveCfg = Debug|Any CPU
		{C939B8A3-1FA4-4B01-86B8-05E6D51A0F94}.Debug|Any CPU.Build.0 = Debug|Any CPU
		{C939B8A3-1FA4-4B01-86B8-05E6D51A0F94}.Debug|Any CPU.Deploy.0 = Debug|Any CPU
		{C939B8A3-1FA4-4B01-86B8-05E6D51A0F94}.Debug|iPhone.ActiveCfg = Debug|Any CPU
		{C939B8A3-1FA4-4B01-86B8-05E6D51A0F94}.Debug|iPhone.Build.0 = Debug|Any CPU
		{C939B8A3-1FA4-4B01-86B8-05E6D51A0F94}.Debug|iPhone.Deploy.0 = Debug|Any CPU
		{C939B8A3-1FA4-4B01-86B8-05E6D51A0F94}.Debug|iPhoneSimulator.ActiveCfg = Debug|Any CPU
		{C939B8A3-1FA4-4B01-86B8-05E6D51A0F94}.Debug|iPhoneSimulator.Build.0 = Debug|Any CPU
		{C939B8A3-1FA4-4B01-86B8-05E6D51A0F94}.Debug|iPhoneSimulator.Deploy.0 = Debug|Any CPU
		{C939B8A3-1FA4-4B01-86B8-05E6D51A0F94}.Release|Any CPU.ActiveCfg = Release|Any CPU
		{C939B8A3-1FA4-4B01-86B8-05E6D51A0F94}.Release|Any CPU.Build.0 = Release|Any CPU
		{C939B8A3-1FA4-4B01-86B8-05E6D51A0F94}.Release|Any CPU.Deploy.0 = Release|Any CPU
		{C939B8A3-1FA4-4B01-86B8-05E6D51A0F94}.Release|iPhone.ActiveCfg = Release|Any CPU
		{C939B8A3-1FA4-4B01-86B8-05E6D51A0F94}.Release|iPhone.Build.0 = Release|Any CPU
		{C939B8A3-1FA4-4B01-86B8-05E6D51A0F94}.Release|iPhone.Deploy.0 = Release|Any CPU
		{C939B8A3-1FA4-4B01-86B8-05E6D51A0F94}.Release|iPhoneSimulator.ActiveCfg = Release|Any CPU
		{C939B8A3-1FA4-4B01-86B8-05E6D51A0F94}.Release|iPhoneSimulator.Build.0 = Release|Any CPU
		{C939B8A3-1FA4-4B01-86B8-05E6D51A0F94}.Release|iPhoneSimulator.Deploy.0 = Release|Any CPU
		{FF19EE8B-E0B1-4335-BEDD-E45962662EC6}.Debug|Any CPU.ActiveCfg = Debug|iPhone
		{FF19EE8B-E0B1-4335-BEDD-E45962662EC6}.Debug|Any CPU.Build.0 = Debug|iPhone
		{FF19EE8B-E0B1-4335-BEDD-E45962662EC6}.Debug|Any CPU.Deploy.0 = Debug|iPhone
		{FF19EE8B-E0B1-4335-BEDD-E45962662EC6}.Debug|iPhone.ActiveCfg = Debug|iPhone
		{FF19EE8B-E0B1-4335-BEDD-E45962662EC6}.Debug|iPhone.Build.0 = Debug|iPhone
		{FF19EE8B-E0B1-4335-BEDD-E45962662EC6}.Debug|iPhone.Deploy.0 = Debug|iPhone
		{FF19EE8B-E0B1-4335-BEDD-E45962662EC6}.Debug|iPhoneSimulator.ActiveCfg = Debug|iPhoneSimulator
		{FF19EE8B-E0B1-4335-BEDD-E45962662EC6}.Debug|iPhoneSimulator.Build.0 = Debug|iPhoneSimulator
		{FF19EE8B-E0B1-4335-BEDD-E45962662EC6}.Debug|iPhoneSimulator.Deploy.0 = Debug|iPhoneSimulator
		{FF19EE8B-E0B1-4335-BEDD-E45962662EC6}.Release|Any CPU.ActiveCfg = Release|iPhoneSimulator
		{FF19EE8B-E0B1-4335-BEDD-E45962662EC6}.Release|Any CPU.Build.0 = Release|iPhoneSimulator
		{FF19EE8B-E0B1-4335-BEDD-E45962662EC6}.Release|Any CPU.Deploy.0 = Release|iPhoneSimulator
		{FF19EE8B-E0B1-4335-BEDD-E45962662EC6}.Release|iPhone.ActiveCfg = Release|iPhone
		{FF19EE8B-E0B1-4335-BEDD-E45962662EC6}.Release|iPhone.Build.0 = Release|iPhone
		{FF19EE8B-E0B1-4335-BEDD-E45962662EC6}.Release|iPhone.Deploy.0 = Release|iPhone
		{FF19EE8B-E0B1-4335-BEDD-E45962662EC6}.Release|iPhoneSimulator.ActiveCfg = Release|iPhoneSimulator
		{FF19EE8B-E0B1-4335-BEDD-E45962662EC6}.Release|iPhoneSimulator.Build.0 = Release|iPhoneSimulator
		{FF19EE8B-E0B1-4335-BEDD-E45962662EC6}.Release|iPhoneSimulator.Deploy.0 = Release|iPhoneSimulator
		{842843F9-B735-49BA-B066-F9613F771727}.Debug|Any CPU.ActiveCfg = Debug|Any CPU
		{842843F9-B735-49BA-B066-F9613F771727}.Debug|Any CPU.Build.0 = Debug|Any CPU
		{842843F9-B735-49BA-B066-F9613F771727}.Debug|Any CPU.Deploy.0 = Debug|Any CPU
		{842843F9-B735-49BA-B066-F9613F771727}.Debug|iPhone.ActiveCfg = Debug|Any CPU
		{842843F9-B735-49BA-B066-F9613F771727}.Debug|iPhone.Build.0 = Debug|Any CPU
		{842843F9-B735-49BA-B066-F9613F771727}.Debug|iPhone.Deploy.0 = Debug|Any CPU
		{842843F9-B735-49BA-B066-F9613F771727}.Debug|iPhoneSimulator.ActiveCfg = Debug|Any CPU
		{842843F9-B735-49BA-B066-F9613F771727}.Debug|iPhoneSimulator.Build.0 = Debug|Any CPU
		{842843F9-B735-49BA-B066-F9613F771727}.Debug|iPhoneSimulator.Deploy.0 = Debug|Any CPU
		{842843F9-B735-49BA-B066-F9613F771727}.Release|Any CPU.ActiveCfg = Release|Any CPU
		{842843F9-B735-49BA-B066-F9613F771727}.Release|Any CPU.Build.0 = Release|Any CPU
		{842843F9-B735-49BA-B066-F9613F771727}.Release|Any CPU.Deploy.0 = Release|Any CPU
		{842843F9-B735-49BA-B066-F9613F771727}.Release|iPhone.ActiveCfg = Release|Any CPU
		{842843F9-B735-49BA-B066-F9613F771727}.Release|iPhone.Build.0 = Release|Any CPU
		{842843F9-B735-49BA-B066-F9613F771727}.Release|iPhone.Deploy.0 = Release|Any CPU
		{842843F9-B735-49BA-B066-F9613F771727}.Release|iPhoneSimulator.ActiveCfg = Release|Any CPU
		{842843F9-B735-49BA-B066-F9613F771727}.Release|iPhoneSimulator.Build.0 = Release|Any CPU
		{842843F9-B735-49BA-B066-F9613F771727}.Release|iPhoneSimulator.Deploy.0 = Release|Any CPU
	EndGlobalSection
	GlobalSection(SolutionProperties) = preSolution
		HideSolutionNode = FALSE
	EndGlobalSection
	GlobalSection(ExtensibilityGlobals) = postSolution
		SolutionGuid = {C6F0BDF1-AE2C-4031-98CA-80B8068F70F9}
	EndGlobalSection
EndGlobal
